
Microsoft Visual Studio Solution File, Format Version 12.00
# Visual Studio Version 16
VisualStudioVersion = 16.0.31515.178
MinimumVisualStudioVersion = 10.0.40219.1
Project("{9A19103F-16F7-4668-BE54-9A1E7A4F7556}") = "TaskChecker", "TaskChecker\TaskChecker.csproj", "{AEBD672E-B222-428D-8624-99D5E0F676B5}"
EndProject
Global
	GlobalSection(SolutionConfigurationPlatforms) = preSolution
		Debug|Any CPU = Debug|Any CPU
		Release|Any CPU = Release|Any CPU
	EndGlobalSection
	GlobalSection(ProjectConfigurationPlatforms) = postSolution
		{AEBD672E-B222-428D-8624-99D5E0F676B5}.Debug|Any CPU.ActiveCfg = Debug|Any CPU
		{AEBD672E-B222-428D-8624-99D5E0F676B5}.Debug|Any CPU.Build.0 = Debug|Any CPU
		{AEBD672E-B222-428D-8624-99D5E0F676B5}.Release|Any CPU.ActiveCfg = Release|Any CPU
		{AEBD672E-B222-428D-8624-99D5E0F676B5}.Release|Any CPU.Build.0 = Release|Any CPU
	EndGlobalSection
	GlobalSection(SolutionProperties) = preSolution
		HideSolutionNode = FALSE
	EndGlobalSection
	GlobalSection(ExtensibilityGlobals) = postSolution
		SolutionGuid = {924A4864-DE57-449E-8383-B572537D5C62}
	EndGlobalSection
EndGlobal
